
Microsoft Visual Studio Solution File, Format Version 12.00
# Visual Studio 15
VisualStudioVersion = 15.0.28307.271
MinimumVisualStudioVersion = 10.0.40219.1
Project("{FAE04EC0-301F-11D3-BF4B-00C04F79EFBC}") = "PhonesMVVM", "PhonesMVVM\PhonesMVVM.csproj", "{AA105375-51E4-4A8C-8CED-8EEA5A3ED33E}"
EndProject
Global
	GlobalSection(SolutionConfigurationPlatforms) = preSolution
		Debug|Any CPU = Debug|Any CPU
		Release|Any CPU = Release|Any CPU
	EndGlobalSection
	GlobalSection(ProjectConfigurationPlatforms) = postSolution
		{AA105375-51E4-4A8C-8CED-8EEA5A3ED33E}.Debug|Any CPU.ActiveCfg = Debug|Any CPU
		{AA105375-51E4-4A8C-8CED-8EEA5A3ED33E}.Debug|Any CPU.Build.0 = Debug|Any CPU
		{AA105375-51E4-4A8C-8CED-8EEA5A3ED33E}.Release|Any CPU.ActiveCfg = Release|Any CPU
		{AA105375-51E4-4A8C-8CED-8EEA5A3ED33E}.Release|Any CPU.Build.0 = Release|Any CPU
	EndGlobalSection
	GlobalSection(SolutionProperties) = preSolution
		HideSolutionNode = FALSE
	EndGlobalSection
	GlobalSection(ExtensibilityGlobals) = postSolution
		SolutionGuid = {635725A9-0F83-4837-AF45-CF2CBFCB05B6}
	EndGlobalSection
EndGlobal
